
Microsoft Visual Studio Solution File, Format Version 12.00
# Visual Studio Version 17
VisualStudioVersion = 17.5.002.0
MinimumVisualStudioVersion = 10.0.40219.1
Project("{9A19103F-16F7-4668-BE54-9A1E7A4F7556}") = "frontend", "frontend\frontend.csproj", "{AC9E9300-D382-45B3-80CA-F4DE3D28C2DD}"
EndProject
Project("{9A19103F-16F7-4668-BE54-9A1E7A4F7556}") = "backend", "backend\backend.csproj", "{662F4C65-69A1-419A-A17D-6841E82F54B9}"
EndProject
Global
	GlobalSection(SolutionConfigurationPlatforms) = preSolution
		Debug|Any CPU = Debug|Any CPU
		Release|Any CPU = Release|Any CPU
	EndGlobalSection
	GlobalSection(ProjectConfigurationPlatforms) = postSolution
		{AC9E9300-D382-45B3-80CA-F4DE3D28C2DD}.Debug|Any CPU.ActiveCfg = Debug|Any CPU
		{AC9E9300-D382-45B3-80CA-F4DE3D28C2DD}.Debug|Any CPU.Build.0 = Debug|Any CPU
		{AC9E9300-D382-45B3-80CA-F4DE3D28C2DD}.Release|Any CPU.ActiveCfg = Release|Any CPU
		{AC9E9300-D382-45B3-80CA-F4DE3D28C2DD}.Release|Any CPU.Build.0 = Release|Any CPU
		{662F4C65-69A1-419A-A17D-6841E82F54B9}.Debug|Any CPU.ActiveCfg = Debug|Any CPU
		{662F4C65-69A1-419A-A17D-6841E82F54B9}.Debug|Any CPU.Build.0 = Debug|Any CPU
		{662F4C65-69A1-419A-A17D-6841E82F54B9}.Release|Any CPU.ActiveCfg = Release|Any CPU
		{662F4C65-69A1-419A-A17D-6841E82F54B9}.Release|Any CPU.Build.0 = Release|Any CPU
	EndGlobalSection
	GlobalSection(SolutionProperties) = preSolution
		HideSolutionNode = FALSE
	EndGlobalSection
	GlobalSection(ExtensibilityGlobals) = postSolution
		SolutionGuid = {4BB4F27E-FCE3-4F08-8218-5AA8B6DA188F}
	EndGlobalSection
EndGlobal
